// !$*UTF8*$!
{
	archiveVersion = 1;
	classes = {
	};
	objectVersion = 52;
	objects = {

/* Begin PBXBuildFile section */
		CA018C08232D786400DC990D /* AppDelegate.swift in Sources */ = {isa = PBXBuildFile; fileRef = CA018C07232D786400DC990D /* AppDelegate.swift */; };
		CA018C0D232D786400DC990D /* Main.storyboard in Resources */ = {isa = PBXBuildFile; fileRef = CA018C0B232D786400DC990D /* Main.storyboard */; };
		CA018C0F232D786600DC990D /* Assets.xcassets in Resources */ = {isa = PBXBuildFile; fileRef = CA018C0E232D786600DC990D /* Assets.xcassets */; };
		CA018C12232D786600DC990D /* LaunchScreen.storyboard in Resources */ = {isa = PBXBuildFile; fileRef = CA018C10232D786600DC990D /* LaunchScreen.storyboard */; };
		CA018C28232D790300DC990D /* DailyActivityStatisticsController.swift in Sources */ = {isa = PBXBuildFile; fileRef = CA018C27232D790300DC990D /* DailyActivityStatisticsController.swift */; };
		CA018C2A232D79B200DC990D /* TableViewCellDailyStat.swift in Sources */ = {isa = PBXBuildFile; fileRef = CA018C29232D79B200DC990D /* TableViewCellDailyStat.swift */; };
		CA11570E2360C57D007687F5 /* StatisticsRepositoryTests.swift in Sources */ = {isa = PBXBuildFile; fileRef = CA11570D2360C57D007687F5 /* StatisticsRepositoryTests.swift */; };
		CA181D8A2360755800A06A81 /* StatisticsDecoder.swift in Sources */ = {isa = PBXBuildFile; fileRef = CA181D892360755800A06A81 /* StatisticsDecoder.swift */; };
		CA181D8C2360762E00A06A81 /* StatisticsDecoderTests.swift in Sources */ = {isa = PBXBuildFile; fileRef = CA181D8B2360762E00A06A81 /* StatisticsDecoderTests.swift */; };
		CA19811323322C6700F6EDE8 /* Statistics.swift in Sources */ = {isa = PBXBuildFile; fileRef = CA19811223322C6700F6EDE8 /* Statistics.swift */; };
		CA420A3423435FBF005325C8 /* AnnualActivityStatisticsSeedData.swift in Sources */ = {isa = PBXBuildFile; fileRef = CA420A3323435FBF005325C8 /* AnnualActivityStatisticsSeedData.swift */; };
		CA4CDF1F2360E1A8008B0E33 /* StatisticsFactoryTests.swift in Sources */ = {isa = PBXBuildFile; fileRef = CA4CDF1E2360E1A8008B0E33 /* StatisticsFactoryTests.swift */; };
		CA5AEB7A2340EB9E005F4C91 /* Ext_ChartColorTemplates.swift in Sources */ = {isa = PBXBuildFile; fileRef = CA5AEB792340EB9D005F4C91 /* Ext_ChartColorTemplates.swift */; };
		CA5AEB7E2340EC8A005F4C91 /* ActivitySeedData.swift in Sources */ = {isa = PBXBuildFile; fileRef = CA5AEB7D2340EC8A005F4C91 /* ActivitySeedData.swift */; };
		CA5AEB802340ECC4005F4C91 /* DailyActivityStatisticsSeedData.swift in Sources */ = {isa = PBXBuildFile; fileRef = CA5AEB7F2340ECC4005F4C91 /* DailyActivityStatisticsSeedData.swift */; };
		CA5AEB82234128F6005F4C91 /* AnnualActivityStatisticsController.swift in Sources */ = {isa = PBXBuildFile; fileRef = CA5AEB81234128F6005F4C91 /* AnnualActivityStatisticsController.swift */; };
		CA7F1D37236247C900D86F8C /* Ext_UITableView.swift in Sources */ = {isa = PBXBuildFile; fileRef = CA7F1D36236247C900D86F8C /* Ext_UITableView.swift */; };
		CA7F1D3A2362485400D86F8C /* StatisticsType.swift in Sources */ = {isa = PBXBuildFile; fileRef = CA7F1D392362485400D86F8C /* StatisticsType.swift */; };
		CA80B87D236F7CEE0096E80F /* TableViewCellDailyStatTests.swift in Sources */ = {isa = PBXBuildFile; fileRef = CA80B87C236F7CEE0096E80F /* TableViewCellDailyStatTests.swift */; };
		CA81BAAA234E49F700EE811A /* BaseActivityStatisticsController.swift in Sources */ = {isa = PBXBuildFile; fileRef = CA81BAA9234E49F700EE811A /* BaseActivityStatisticsController.swift */; };
		CAA5F0C52343F1E800DA19FF /* TableViewCellAnnualStat.swift in Sources */ = {isa = PBXBuildFile; fileRef = CAA5F0C42343F1E800DA19FF /* TableViewCellAnnualStat.swift */; };
		CAB02D64238B045E00EEA1FE /* Ext_NumberFormatter.swift in Sources */ = {isa = PBXBuildFile; fileRef = CAB02D63238B045E00EEA1FE /* Ext_NumberFormatter.swift */; };
		CAC3289F235F1C9800A9D152 /* FakeUserDefaults.swift in Sources */ = {isa = PBXBuildFile; fileRef = CAC3289E235F1C9800A9D152 /* FakeUserDefaults.swift */; };
		CADB2EB9236E063A00854FE5 /* Ext_ChartColortemplateTests.swift in Sources */ = {isa = PBXBuildFile; fileRef = CADB2EB8236E063A00854FE5 /* Ext_ChartColortemplateTests.swift */; };
		CADB2EBA236E066400854FE5 /* Statistics.swift in Sources */ = {isa = PBXBuildFile; fileRef = CA19811223322C6700F6EDE8 /* Statistics.swift */; };
		CADB2EBB236E066600854FE5 /* TableViewCellDailyStat.swift in Sources */ = {isa = PBXBuildFile; fileRef = CA018C29232D79B200DC990D /* TableViewCellDailyStat.swift */; };
		CADB2EBC236E066800854FE5 /* TableViewCellAnnualStat.swift in Sources */ = {isa = PBXBuildFile; fileRef = CAA5F0C42343F1E800DA19FF /* TableViewCellAnnualStat.swift */; };
		CADB2EBD236E066A00854FE5 /* BaseActivityStatisticsController.swift in Sources */ = {isa = PBXBuildFile; fileRef = CA81BAA9234E49F700EE811A /* BaseActivityStatisticsController.swift */; };
		CADB2EBE236E066B00854FE5 /* DailyActivityStatisticsController.swift in Sources */ = {isa = PBXBuildFile; fileRef = CA018C27232D790300DC990D /* DailyActivityStatisticsController.swift */; };
		CADB2EC0236E066E00854FE5 /* AnnualActivityStatisticsController.swift in Sources */ = {isa = PBXBuildFile; fileRef = CA5AEB81234128F6005F4C91 /* AnnualActivityStatisticsController.swift */; };
		CADB2EC2236E067000854FE5 /* StatisticsRepository.swift in Sources */ = {isa = PBXBuildFile; fileRef = CAF3297A23607D190002DCE1 /* StatisticsRepository.swift */; };
		CADB2EC4236E068100854FE5 /* StatisticsDecoder.swift in Sources */ = {isa = PBXBuildFile; fileRef = CA181D892360755800A06A81 /* StatisticsDecoder.swift */; };
		CADB2EC5236E068100854FE5 /* StatisticsEncoder.swift in Sources */ = {isa = PBXBuildFile; fileRef = CAECBCE1235E02DC00AB8A26 /* StatisticsEncoder.swift */; };
		CADB2EC6236E068100854FE5 /* StatisticsType.swift in Sources */ = {isa = PBXBuildFile; fileRef = CA7F1D392362485400D86F8C /* StatisticsType.swift */; };
		CADB2EC7236E068400854FE5 /* ActivitySeedData.swift in Sources */ = {isa = PBXBuildFile; fileRef = CA5AEB7D2340EC8A005F4C91 /* ActivitySeedData.swift */; };
		CADB2EC8236E068400854FE5 /* DailyActivityStatisticsSeedData.swift in Sources */ = {isa = PBXBuildFile; fileRef = CA5AEB7F2340ECC4005F4C91 /* DailyActivityStatisticsSeedData.swift */; };
		CADB2EC9236E068400854FE5 /* AnnualActivityStatisticsSeedData.swift in Sources */ = {isa = PBXBuildFile; fileRef = CA420A3323435FBF005325C8 /* AnnualActivityStatisticsSeedData.swift */; };
		CADB2ECA236E068700854FE5 /* Ext_UITableView.swift in Sources */ = {isa = PBXBuildFile; fileRef = CA7F1D36236247C900D86F8C /* Ext_UITableView.swift */; };
		CADB2ECF236E2CEB00854FE5 /* DailyActivityPieChartController.swift in Sources */ = {isa = PBXBuildFile; fileRef = CAE0291623339A0A002E975E /* DailyActivityPieChartController.swift */; };
		CADB2ED0236E2CF100854FE5 /* Ext_ChartColorTemplates.swift in Sources */ = {isa = PBXBuildFile; fileRef = CA5AEB792340EB9D005F4C91 /* Ext_ChartColorTemplates.swift */; };
		CADB2ED9236EE0D500854FE5 /* TableViewSection.swift in Sources */ = {isa = PBXBuildFile; fileRef = CADB2ED8236EE0D500854FE5 /* TableViewSection.swift */; };
		CADB2EDA236EE0D500854FE5 /* TableViewSection.swift in Sources */ = {isa = PBXBuildFile; fileRef = CADB2ED8236EE0D500854FE5 /* TableViewSection.swift */; };
		CADB2EDC236EE0FC00854FE5 /* TableViewRow.swift in Sources */ = {isa = PBXBuildFile; fileRef = CADB2EDB236EE0FC00854FE5 /* TableViewRow.swift */; };
		CADB2EDD236EE0FC00854FE5 /* TableViewRow.swift in Sources */ = {isa = PBXBuildFile; fileRef = CADB2EDB236EE0FC00854FE5 /* TableViewRow.swift */; };
		CADB2EDF236EF84400854FE5 /* TableViewCellAnnualStatTests.swift in Sources */ = {isa = PBXBuildFile; fileRef = CADB2EDE236EF84400854FE5 /* TableViewCellAnnualStatTests.swift */; };
		CAE0291723339A0A002E975E /* DailyActivityPieChartController.swift in Sources */ = {isa = PBXBuildFile; fileRef = CAE0291623339A0A002E975E /* DailyActivityPieChartController.swift */; };
		CAE7A4E723709DB400D9D0B3 /* Charts in Frameworks */ = {isa = PBXBuildFile; productRef = CAE7A4E623709DB400D9D0B3 /* Charts */; };
		CAE7A4E923709DD200D9D0B3 /* Charts in Frameworks */ = {isa = PBXBuildFile; productRef = CAE7A4E823709DD200D9D0B3 /* Charts */; };
		CAE7A4ED2370C85900D9D0B3 /* Ext_UITableViewTests.swift in Sources */ = {isa = PBXBuildFile; fileRef = CAE7A4EC2370C85900D9D0B3 /* Ext_UITableViewTests.swift */; };
		CAECBCE2235E02DC00AB8A26 /* StatisticsEncoder.swift in Sources */ = {isa = PBXBuildFile; fileRef = CAECBCE1235E02DC00AB8A26 /* StatisticsEncoder.swift */; };
		CAECBCE4235E040A00AB8A26 /* StatisticsEncoderTests.swift in Sources */ = {isa = PBXBuildFile; fileRef = CAECBCE3235E040A00AB8A26 /* StatisticsEncoderTests.swift */; };
		CAF3297B23607D190002DCE1 /* StatisticsRepository.swift in Sources */ = {isa = PBXBuildFile; fileRef = CAF3297A23607D190002DCE1 /* StatisticsRepository.swift */; };
		CAF525E5234F2887003F1BD1 /* AppDelegate.swift in Sources */ = {isa = PBXBuildFile; fileRef = CA018C07232D786400DC990D /* AppDelegate.swift */; };
		CAF628F023630BA200B241D5 /* StatisticsTests.swift in Sources */ = {isa = PBXBuildFile; fileRef = CAF628EF23630BA200B241D5 /* StatisticsTests.swift */; };
/* End PBXBuildFile section */

/* Begin PBXContainerItemProxy section */
		CA018C19232D786600DC990D /* PBXContainerItemProxy */ = {
			isa = PBXContainerItemProxy;
			containerPortal = CA018BFC232D786400DC990D /* Project object */;
			proxyType = 1;
			remoteGlobalIDString = CA018C03232D786400DC990D;
			remoteInfo = "Stew's Stats";
		};
/* End PBXContainerItemProxy section */

/* Begin PBXCopyFilesBuildPhase section */
		CA4DA56C233A25140029393E /* Embed Frameworks */ = {
			isa = PBXCopyFilesBuildPhase;
			buildActionMask = 2147483647;
			dstPath = "";
			dstSubfolderSpec = 10;
			files = (
			);
			name = "Embed Frameworks";
			runOnlyForDeploymentPostprocessing = 0;
		};
/* End PBXCopyFilesBuildPhase section */

/* Begin PBXFileReference section */
		CA018C04232D786400DC990D /* Stew's Stats.app */ = {isa = PBXFileReference; explicitFileType = wrapper.application; includeInIndex = 0; path = "Stew's Stats.app"; sourceTree = BUILT_PRODUCTS_DIR; };
		CA018C07232D786400DC990D /* AppDelegate.swift */ = {isa = PBXFileReference; lastKnownFileType = sourcecode.swift; path = AppDelegate.swift; sourceTree = "<group>"; };
		CA018C0C232D786400DC990D /* Base */ = {isa = PBXFileReference; lastKnownFileType = file.storyboard; name = Base; path = Base.lproj/Main.storyboard; sourceTree = "<group>"; };
		CA018C0E232D786600DC990D /* Assets.xcassets */ = {isa = PBXFileReference; lastKnownFileType = folder.assetcatalog; path = Assets.xcassets; sourceTree = "<group>"; };
		CA018C11232D786600DC990D /* Base */ = {isa = PBXFileReference; lastKnownFileType = file.storyboard; name = Base; path = Base.lproj/LaunchScreen.storyboard; sourceTree = "<group>"; };
		CA018C13232D786600DC990D /* Info.plist */ = {isa = PBXFileReference; lastKnownFileType = text.plist.xml; path = Info.plist; sourceTree = "<group>"; };
		CA018C18232D786600DC990D /* Stew's StatsTests.xctest */ = {isa = PBXFileReference; explicitFileType = wrapper.cfbundle; includeInIndex = 0; path = "Stew's StatsTests.xctest"; sourceTree = BUILT_PRODUCTS_DIR; };
		CA018C1E232D786600DC990D /* Info.plist */ = {isa = PBXFileReference; lastKnownFileType = text.plist.xml; path = Info.plist; sourceTree = "<group>"; };
		CA018C27232D790300DC990D /* DailyActivityStatisticsController.swift */ = {isa = PBXFileReference; lastKnownFileType = sourcecode.swift; path = DailyActivityStatisticsController.swift; sourceTree = "<group>"; };
		CA018C29232D79B200DC990D /* TableViewCellDailyStat.swift */ = {isa = PBXFileReference; lastKnownFileType = sourcecode.swift; path = TableViewCellDailyStat.swift; sourceTree = "<group>"; };
		CA11570D2360C57D007687F5 /* StatisticsRepositoryTests.swift */ = {isa = PBXFileReference; lastKnownFileType = sourcecode.swift; path = StatisticsRepositoryTests.swift; sourceTree = "<group>"; };
		CA181D892360755800A06A81 /* StatisticsDecoder.swift */ = {isa = PBXFileReference; lastKnownFileType = sourcecode.swift; path = StatisticsDecoder.swift; sourceTree = "<group>"; };
		CA181D8B2360762E00A06A81 /* StatisticsDecoderTests.swift */ = {isa = PBXFileReference; lastKnownFileType = sourcecode.swift; name = StatisticsDecoderTests.swift; path = ../Services/Encoding/StatisticsDecoderTests.swift; sourceTree = "<group>"; };
		CA19811223322C6700F6EDE8 /* Statistics.swift */ = {isa = PBXFileReference; lastKnownFileType = sourcecode.swift; path = Statistics.swift; sourceTree = "<group>"; };
		CA420A3323435FBF005325C8 /* AnnualActivityStatisticsSeedData.swift */ = {isa = PBXFileReference; lastKnownFileType = sourcecode.swift; path = AnnualActivityStatisticsSeedData.swift; sourceTree = "<group>"; };
		CA47E1EB2347E27C003D111C /* NotificationCenter.framework */ = {isa = PBXFileReference; lastKnownFileType = wrapper.framework; name = NotificationCenter.framework; path = System/Library/Frameworks/NotificationCenter.framework; sourceTree = SDKROOT; };
		CA4CDF1E2360E1A8008B0E33 /* StatisticsFactoryTests.swift */ = {isa = PBXFileReference; lastKnownFileType = sourcecode.swift; path = StatisticsFactoryTests.swift; sourceTree = "<group>"; };
		CA5AEB792340EB9D005F4C91 /* Ext_ChartColorTemplates.swift */ = {isa = PBXFileReference; lastKnownFileType = sourcecode.swift; path = Ext_ChartColorTemplates.swift; sourceTree = "<group>"; };
		CA5AEB7D2340EC8A005F4C91 /* ActivitySeedData.swift */ = {isa = PBXFileReference; lastKnownFileType = sourcecode.swift; path = ActivitySeedData.swift; sourceTree = "<group>"; };
		CA5AEB7F2340ECC4005F4C91 /* DailyActivityStatisticsSeedData.swift */ = {isa = PBXFileReference; lastKnownFileType = sourcecode.swift; path = DailyActivityStatisticsSeedData.swift; sourceTree = "<group>"; };
		CA5AEB81234128F6005F4C91 /* AnnualActivityStatisticsController.swift */ = {isa = PBXFileReference; lastKnownFileType = sourcecode.swift; path = AnnualActivityStatisticsController.swift; sourceTree = "<group>"; };
		CA7F1D36236247C900D86F8C /* Ext_UITableView.swift */ = {isa = PBXFileReference; lastKnownFileType = sourcecode.swift; path = Ext_UITableView.swift; sourceTree = "<group>"; };
		CA7F1D392362485400D86F8C /* StatisticsType.swift */ = {isa = PBXFileReference; lastKnownFileType = sourcecode.swift; path = StatisticsType.swift; sourceTree = "<group>"; };
		CA80B87C236F7CEE0096E80F /* TableViewCellDailyStatTests.swift */ = {isa = PBXFileReference; lastKnownFileType = sourcecode.swift; path = TableViewCellDailyStatTests.swift; sourceTree = "<group>"; };
		CA81BAA9234E49F700EE811A /* BaseActivityStatisticsController.swift */ = {isa = PBXFileReference; lastKnownFileType = sourcecode.swift; path = BaseActivityStatisticsController.swift; sourceTree = "<group>"; };
		CA9C5F0E2348CDAC0090A807 /* Stew's Stats.entitlements */ = {isa = PBXFileReference; lastKnownFileType = text.plist.entitlements; path = "Stew's Stats.entitlements"; sourceTree = "<group>"; };
		CAA5F0C42343F1E800DA19FF /* TableViewCellAnnualStat.swift */ = {isa = PBXFileReference; lastKnownFileType = sourcecode.swift; path = TableViewCellAnnualStat.swift; sourceTree = "<group>"; };
		CAB02D63238B045E00EEA1FE /* Ext_NumberFormatter.swift */ = {isa = PBXFileReference; lastKnownFileType = sourcecode.swift; path = Ext_NumberFormatter.swift; sourceTree = "<group>"; };
		CAC3289E235F1C9800A9D152 /* FakeUserDefaults.swift */ = {isa = PBXFileReference; lastKnownFileType = sourcecode.swift; path = FakeUserDefaults.swift; sourceTree = "<group>"; };
		CADB2EB8236E063A00854FE5 /* Ext_ChartColortemplateTests.swift */ = {isa = PBXFileReference; lastKnownFileType = sourcecode.swift; path = Ext_ChartColortemplateTests.swift; sourceTree = "<group>"; };
		CADB2ED8236EE0D500854FE5 /* TableViewSection.swift */ = {isa = PBXFileReference; lastKnownFileType = sourcecode.swift; path = TableViewSection.swift; sourceTree = "<group>"; };
		CADB2EDB236EE0FC00854FE5 /* TableViewRow.swift */ = {isa = PBXFileReference; lastKnownFileType = sourcecode.swift; path = TableViewRow.swift; sourceTree = "<group>"; };
		CADB2EDE236EF84400854FE5 /* TableViewCellAnnualStatTests.swift */ = {isa = PBXFileReference; lastKnownFileType = sourcecode.swift; path = TableViewCellAnnualStatTests.swift; sourceTree = "<group>"; };
		CAE0291623339A0A002E975E /* DailyActivityPieChartController.swift */ = {isa = PBXFileReference; lastKnownFileType = sourcecode.swift; path = DailyActivityPieChartController.swift; sourceTree = "<group>"; };
		CAE7A4EC2370C85900D9D0B3 /* Ext_UITableViewTests.swift */ = {isa = PBXFileReference; lastKnownFileType = sourcecode.swift; path = Ext_UITableViewTests.swift; sourceTree = "<group>"; };
		CAECBCE1235E02DC00AB8A26 /* StatisticsEncoder.swift */ = {isa = PBXFileReference; lastKnownFileType = sourcecode.swift; path = StatisticsEncoder.swift; sourceTree = "<group>"; };
		CAECBCE3235E040A00AB8A26 /* StatisticsEncoderTests.swift */ = {isa = PBXFileReference; lastKnownFileType = sourcecode.swift; name = StatisticsEncoderTests.swift; path = ../Services/Encoding/StatisticsEncoderTests.swift; sourceTree = "<group>"; };
		CAF3297A23607D190002DCE1 /* StatisticsRepository.swift */ = {isa = PBXFileReference; lastKnownFileType = sourcecode.swift; path = StatisticsRepository.swift; sourceTree = "<group>"; };
		CAF628EF23630BA200B241D5 /* StatisticsTests.swift */ = {isa = PBXFileReference; lastKnownFileType = sourcecode.swift; path = StatisticsTests.swift; sourceTree = "<group>"; };
/* End PBXFileReference section */

/* Begin PBXFrameworksBuildPhase section */
		CA018C01232D786400DC990D /* Frameworks */ = {
			isa = PBXFrameworksBuildPhase;
			buildActionMask = 2147483647;
			files = (
				CAE7A4E723709DB400D9D0B3 /* Charts in Frameworks */,
			);
			runOnlyForDeploymentPostprocessing = 0;
		};
		CA018C15232D786600DC990D /* Frameworks */ = {
			isa = PBXFrameworksBuildPhase;
			buildActionMask = 2147483647;
			files = (
				CAE7A4E923709DD200D9D0B3 /* Charts in Frameworks */,
			);
			runOnlyForDeploymentPostprocessing = 0;
		};
/* End PBXFrameworksBuildPhase section */

/* Begin PBXGroup section */
		CA018BFB232D786400DC990D = {
			isa = PBXGroup;
			children = (
				CA018C06232D786400DC990D /* Stew's Stats */,
				CA018C1B232D786600DC990D /* Stew's StatsTests */,
				CA018C05232D786400DC990D /* Products */,
				CA499BBC233A2C050013220D /* Frameworks */,
			);
			sourceTree = "<group>";
		};
		CA018C05232D786400DC990D /* Products */ = {
			isa = PBXGroup;
			children = (
				CA018C04232D786400DC990D /* Stew's Stats.app */,
				CA018C18232D786600DC990D /* Stew's StatsTests.xctest */,
			);
			name = Products;
			sourceTree = "<group>";
		};
		CA018C06232D786400DC990D /* Stew's Stats */ = {
			isa = PBXGroup;
			children = (
				CA19811623322C9200F6EDE8 /* Model */,
				CA19811523322C8100F6EDE8 /* ViewController */,
				CAF3297923607CE10002DCE1 /* Repository */,
				CA7F1D382362482E00D86F8C /* Persistance */,
				CA5AEB7C2340EC1F005F4C91 /* FailsafeStatistics */,
				CA5AEB782340EAFB005F4C91 /* ChartThemes */,
				CA181D902360796500A06A81 /* Extensions */,
				CA018C07232D786400DC990D /* AppDelegate.swift */,
				CA018C0B232D786400DC990D /* Main.storyboard */,
				CA018C10232D786600DC990D /* LaunchScreen.storyboard */,
				CA018C0E232D786600DC990D /* Assets.xcassets */,
				CA9C5F0E2348CDAC0090A807 /* Stew's Stats.entitlements */,
				CA018C13232D786600DC990D /* Info.plist */,
			);
			path = "Stew's Stats";
			sourceTree = "<group>";
		};
		CA018C1B232D786600DC990D /* Stew's StatsTests */ = {
			isa = PBXGroup;
			children = (
				CA181D8F236076B700A06A81 /* Model */,
				CA6AD7612338D43C004501F0 /* ViewController */,
				CA11570B2360C4F1007687F5 /* Repository */,
				CA11570A2360C40E007687F5 /* Persistance */,
				CAE7A4EA2370C79B00D9D0B3 /* FailsafeStatistics */,
				CA11570C2360C4FE007687F5 /* ChartThemes */,
				CAE7A4EB2370C80500D9D0B3 /* Extensions */,
				CAC3289D235F1C7300A9D152 /* _SharedFakes */,
				CA018C1E232D786600DC990D /* Info.plist */,
			);
			path = "Stew's StatsTests";
			sourceTree = "<group>";
		};
		CA11570A2360C40E007687F5 /* Persistance */ = {
			isa = PBXGroup;
			children = (
				CAECBCE3235E040A00AB8A26 /* StatisticsEncoderTests.swift */,
				CA181D8B2360762E00A06A81 /* StatisticsDecoderTests.swift */,
			);
			path = Persistance;
			sourceTree = "<group>";
		};
		CA11570B2360C4F1007687F5 /* Repository */ = {
			isa = PBXGroup;
			children = (
				CA11570D2360C57D007687F5 /* StatisticsRepositoryTests.swift */,
				CA4CDF1E2360E1A8008B0E33 /* StatisticsFactoryTests.swift */,
			);
			path = Repository;
			sourceTree = "<group>";
		};
		CA11570C2360C4FE007687F5 /* ChartThemes */ = {
			isa = PBXGroup;
			children = (
				CADB2EB8236E063A00854FE5 /* Ext_ChartColortemplateTests.swift */,
			);
			path = ChartThemes;
			sourceTree = "<group>";
		};
		CA181D8F236076B700A06A81 /* Model */ = {
			isa = PBXGroup;
			children = (
				CAF628EF23630BA200B241D5 /* StatisticsTests.swift */,
				CADB2EDE236EF84400854FE5 /* TableViewCellAnnualStatTests.swift */,
				CA80B87C236F7CEE0096E80F /* TableViewCellDailyStatTests.swift */,
			);
			path = Model;
			sourceTree = "<group>";
		};
		CA181D902360796500A06A81 /* Extensions */ = {
			isa = PBXGroup;
			children = (
				CA7F1D36236247C900D86F8C /* Ext_UITableView.swift */,
				CAB02D63238B045E00EEA1FE /* Ext_NumberFormatter.swift */,
			);
			path = Extensions;
			sourceTree = "<group>";
		};
		CA19811523322C8100F6EDE8 /* ViewController */ = {
			isa = PBXGroup;
			children = (
				CA81BAA9234E49F700EE811A /* BaseActivityStatisticsController.swift */,
				CA018C27232D790300DC990D /* DailyActivityStatisticsController.swift */,
				CAE0291623339A0A002E975E /* DailyActivityPieChartController.swift */,
				CA5AEB81234128F6005F4C91 /* AnnualActivityStatisticsController.swift */,
			);
			path = ViewController;
			sourceTree = "<group>";
		};
		CA19811623322C9200F6EDE8 /* Model */ = {
			isa = PBXGroup;
			children = (
				CA19811223322C6700F6EDE8 /* Statistics.swift */,
				CAA5F0C42343F1E800DA19FF /* TableViewCellAnnualStat.swift */,
				CA018C29232D79B200DC990D /* TableViewCellDailyStat.swift */,
				CADB2EDB236EE0FC00854FE5 /* TableViewRow.swift */,
				CADB2ED8236EE0D500854FE5 /* TableViewSection.swift */,
			);
			path = Model;
			sourceTree = "<group>";
		};
		CA499BBC233A2C050013220D /* Frameworks */ = {
			isa = PBXGroup;
			children = (
				CA47E1EB2347E27C003D111C /* NotificationCenter.framework */,
			);
			name = Frameworks;
			sourceTree = "<group>";
		};
		CA5AEB782340EAFB005F4C91 /* ChartThemes */ = {
			isa = PBXGroup;
			children = (
				CA5AEB792340EB9D005F4C91 /* Ext_ChartColorTemplates.swift */,
			);
			path = ChartThemes;
			sourceTree = "<group>";
		};
		CA5AEB7C2340EC1F005F4C91 /* FailsafeStatistics */ = {
			isa = PBXGroup;
			children = (
				CA5AEB7D2340EC8A005F4C91 /* ActivitySeedData.swift */,
				CA5AEB7F2340ECC4005F4C91 /* DailyActivityStatisticsSeedData.swift */,
				CA420A3323435FBF005325C8 /* AnnualActivityStatisticsSeedData.swift */,
			);
			path = FailsafeStatistics;
			sourceTree = "<group>";
		};
		CA6AD7612338D43C004501F0 /* ViewController */ = {
			isa = PBXGroup;
			children = (
			);
			path = ViewController;
			sourceTree = "<group>";
		};
		CA7F1D382362482E00D86F8C /* Persistance */ = {
			isa = PBXGroup;
			children = (
				CA181D892360755800A06A81 /* StatisticsDecoder.swift */,
				CAECBCE1235E02DC00AB8A26 /* StatisticsEncoder.swift */,
				CA7F1D392362485400D86F8C /* StatisticsType.swift */,
			);
			path = Persistance;
			sourceTree = "<group>";
		};
		CAC3289D235F1C7300A9D152 /* _SharedFakes */ = {
			isa = PBXGroup;
			children = (
				CAC3289E235F1C9800A9D152 /* FakeUserDefaults.swift */,
			);
			path = _SharedFakes;
			sourceTree = "<group>";
		};
		CAE7A4EA2370C79B00D9D0B3 /* FailsafeStatistics */ = {
			isa = PBXGroup;
			children = (
			);
			path = FailsafeStatistics;
			sourceTree = "<group>";
		};
		CAE7A4EB2370C80500D9D0B3 /* Extensions */ = {
			isa = PBXGroup;
			children = (
				CAE7A4EC2370C85900D9D0B3 /* Ext_UITableViewTests.swift */,
			);
			path = Extensions;
			sourceTree = "<group>";
		};
		CAF3297923607CE10002DCE1 /* Repository */ = {
			isa = PBXGroup;
			children = (
				CAF3297A23607D190002DCE1 /* StatisticsRepository.swift */,
			);
			path = Repository;
			sourceTree = "<group>";
		};
/* End PBXGroup section */

/* Begin PBXNativeTarget section */
		CA018C03232D786400DC990D /* Stew's Stats */ = {
			isa = PBXNativeTarget;
			buildConfigurationList = CA018C21232D786600DC990D /* Build configuration list for PBXNativeTarget "Stew's Stats" */;
			buildPhases = (
				CA018C00232D786400DC990D /* Sources */,
				CA018C01232D786400DC990D /* Frameworks */,
				CA018C02232D786400DC990D /* Resources */,
				CA4DA56C233A25140029393E /* Embed Frameworks */,
			);
			buildRules = (
			);
			dependencies = (
			);
			name = "Stew's Stats";
			packageProductDependencies = (
				CAE7A4E623709DB400D9D0B3 /* Charts */,
			);
			productName = "Stew's Stats";
			productReference = CA018C04232D786400DC990D /* Stew's Stats.app */;
			productType = "com.apple.product-type.application";
		};
		CA018C17232D786600DC990D /* Stew's StatsTests */ = {
			isa = PBXNativeTarget;
			buildConfigurationList = CA018C24232D786600DC990D /* Build configuration list for PBXNativeTarget "Stew's StatsTests" */;
			buildPhases = (
				CA018C14232D786600DC990D /* Sources */,
				CA018C15232D786600DC990D /* Frameworks */,
				CA018C16232D786600DC990D /* Resources */,
			);
			buildRules = (
			);
			dependencies = (
				CA018C1A232D786600DC990D /* PBXTargetDependency */,
			);
			name = "Stew's StatsTests";
			packageProductDependencies = (
				CAE7A4E823709DD200D9D0B3 /* Charts */,
			);
			productName = "Stew's StatsTests";
			productReference = CA018C18232D786600DC990D /* Stew's StatsTests.xctest */;
			productType = "com.apple.product-type.bundle.unit-test";
		};
/* End PBXNativeTarget section */

/* Begin PBXProject section */
		CA018BFC232D786400DC990D /* Project object */ = {
			isa = PBXProject;
			attributes = {
				LastSwiftUpdateCheck = 1100;
				LastUpgradeCheck = 1030;
				ORGANIZATIONNAME = "Daniel Dutton";
				TargetAttributes = {
					CA018C03232D786400DC990D = {
						CreatedOnToolsVersion = 10.3;
					};
					CA018C17232D786600DC990D = {
						CreatedOnToolsVersion = 10.3;
					};
				};
			};
			buildConfigurationList = CA018BFF232D786400DC990D /* Build configuration list for PBXProject "Stew's Stats" */;
			compatibilityVersion = "Xcode 9.3";
			developmentRegion = en;
			hasScannedForEncodings = 0;
			knownRegions = (
				en,
				Base,
			);
			mainGroup = CA018BFB232D786400DC990D;
			packageReferences = (
				CAE7A4E523709DB400D9D0B3 /* XCRemoteSwiftPackageReference "Charts" */,
			);
			productRefGroup = CA018C05232D786400DC990D /* Products */;
			projectDirPath = "";
			projectRoot = "";
			targets = (
				CA018C03232D786400DC990D /* Stew's Stats */,
				CA018C17232D786600DC990D /* Stew's StatsTests */,
			);
		};
/* End PBXProject section */

/* Begin PBXResourcesBuildPhase section */
		CA018C02232D786400DC990D /* Resources */ = {
			isa = PBXResourcesBuildPhase;
			buildActionMask = 2147483647;
			files = (
				CA018C12232D786600DC990D /* LaunchScreen.storyboard in Resources */,
				CA018C0F232D786600DC990D /* Assets.xcassets in Resources */,
				CA018C0D232D786400DC990D /* Main.storyboard in Resources */,
			);
			runOnlyForDeploymentPostprocessing = 0;
		};
		CA018C16232D786600DC990D /* Resources */ = {
			isa = PBXResourcesBuildPhase;
			buildActionMask = 2147483647;
			files = (
			);
			runOnlyForDeploymentPostprocessing = 0;
		};
/* End PBXResourcesBuildPhase section */

/* Begin PBXSourcesBuildPhase section */
		CA018C00232D786400DC990D /* Sources */ = {
			isa = PBXSourcesBuildPhase;
			buildActionMask = 2147483647;
			files = (
				CAF3297B23607D190002DCE1 /* StatisticsRepository.swift in Sources */,
				CA018C2A232D79B200DC990D /* TableViewCellDailyStat.swift in Sources */,
				CADB2ED9236EE0D500854FE5 /* TableViewSection.swift in Sources */,
				CA181D8A2360755800A06A81 /* StatisticsDecoder.swift in Sources */,
				CAE0291723339A0A002E975E /* DailyActivityPieChartController.swift in Sources */,
				CA7F1D37236247C900D86F8C /* Ext_UITableView.swift in Sources */,
				CA81BAAA234E49F700EE811A /* BaseActivityStatisticsController.swift in Sources */,
				CAECBCE2235E02DC00AB8A26 /* StatisticsEncoder.swift in Sources */,
				CA5AEB7A2340EB9E005F4C91 /* Ext_ChartColorTemplates.swift in Sources */,
				CAA5F0C52343F1E800DA19FF /* TableViewCellAnnualStat.swift in Sources */,
				CA5AEB82234128F6005F4C91 /* AnnualActivityStatisticsController.swift in Sources */,
				CA018C08232D786400DC990D /* AppDelegate.swift in Sources */,
				CA5AEB802340ECC4005F4C91 /* DailyActivityStatisticsSeedData.swift in Sources */,
				CAB02D64238B045E00EEA1FE /* Ext_NumberFormatter.swift in Sources */,
				CA5AEB7E2340EC8A005F4C91 /* ActivitySeedData.swift in Sources */,
				CA420A3423435FBF005325C8 /* AnnualActivityStatisticsSeedData.swift in Sources */,
				CADB2EDC236EE0FC00854FE5 /* TableViewRow.swift in Sources */,
				CA7F1D3A2362485400D86F8C /* StatisticsType.swift in Sources */,
				CA018C28232D790300DC990D /* DailyActivityStatisticsController.swift in Sources */,
				CA19811323322C6700F6EDE8 /* Statistics.swift in Sources */,
			);
			runOnlyForDeploymentPostprocessing = 0;
		};
		CA018C14232D786600DC990D /* Sources */ = {
			isa = PBXSourcesBuildPhase;
			buildActionMask = 2147483647;
			files = (
				CADB2EDA236EE0D500854FE5 /* TableViewSection.swift in Sources */,
				CADB2EBC236E066800854FE5 /* TableViewCellAnnualStat.swift in Sources */,
				CADB2EDD236EE0FC00854FE5 /* TableViewRow.swift in Sources */,
				CAECBCE4235E040A00AB8A26 /* StatisticsEncoderTests.swift in Sources */,
				CADB2EC2236E067000854FE5 /* StatisticsRepository.swift in Sources */,
				CAE7A4ED2370C85900D9D0B3 /* Ext_UITableViewTests.swift in Sources */,
				CADB2EBB236E066600854FE5 /* TableViewCellDailyStat.swift in Sources */,
				CAF628F023630BA200B241D5 /* StatisticsTests.swift in Sources */,
				CA80B87D236F7CEE0096E80F /* TableViewCellDailyStatTests.swift in Sources */,
				CA181D8C2360762E00A06A81 /* StatisticsDecoderTests.swift in Sources */,
				CADB2EBE236E066B00854FE5 /* DailyActivityStatisticsController.swift in Sources */,
				CADB2ECF236E2CEB00854FE5 /* DailyActivityPieChartController.swift in Sources */,
				CADB2EBD236E066A00854FE5 /* BaseActivityStatisticsController.swift in Sources */,
				CADB2EC9236E068400854FE5 /* AnnualActivityStatisticsSeedData.swift in Sources */,
				CAF525E5234F2887003F1BD1 /* AppDelegate.swift in Sources */,
				CADB2EB9236E063A00854FE5 /* Ext_ChartColortemplateTests.swift in Sources */,
				CADB2EC4236E068100854FE5 /* StatisticsDecoder.swift in Sources */,
				CADB2EC7236E068400854FE5 /* ActivitySeedData.swift in Sources */,
				CADB2ED0236E2CF100854FE5 /* Ext_ChartColorTemplates.swift in Sources */,
				CADB2EC8236E068400854FE5 /* DailyActivityStatisticsSeedData.swift in Sources */,
				CAC3289F235F1C9800A9D152 /* FakeUserDefaults.swift in Sources */,
				CADB2ECA236E068700854FE5 /* Ext_UITableView.swift in Sources */,
				CADB2EC6236E068100854FE5 /* StatisticsType.swift in Sources */,
				CA11570E2360C57D007687F5 /* StatisticsRepositoryTests.swift in Sources */,
				CADB2EBA236E066400854FE5 /* Statistics.swift in Sources */,
				CADB2EC5236E068100854FE5 /* StatisticsEncoder.swift in Sources */,
				CADB2EC0236E066E00854FE5 /* AnnualActivityStatisticsController.swift in Sources */,
				CADB2EDF236EF84400854FE5 /* TableViewCellAnnualStatTests.swift in Sources */,
				CA4CDF1F2360E1A8008B0E33 /* StatisticsFactoryTests.swift in Sources */,
			);
			runOnlyForDeploymentPostprocessing = 0;
		};
/* End PBXSourcesBuildPhase section */

/* Begin PBXTargetDependency section */
		CA018C1A232D786600DC990D /* PBXTargetDependency */ = {
			isa = PBXTargetDependency;
			target = CA018C03232D786400DC990D /* Stew's Stats */;
			targetProxy = CA018C19232D786600DC990D /* PBXContainerItemProxy */;
		};
/* End PBXTargetDependency section */

/* Begin PBXVariantGroup section */
		CA018C0B232D786400DC990D /* Main.storyboard */ = {
			isa = PBXVariantGroup;
			children = (
				CA018C0C232D786400DC990D /* Base */,
			);
			name = Main.storyboard;
			sourceTree = "<group>";
		};
		CA018C10232D786600DC990D /* LaunchScreen.storyboard */ = {
			isa = PBXVariantGroup;
			children = (
				CA018C11232D786600DC990D /* Base */,
			);
			name = LaunchScreen.storyboard;
			sourceTree = "<group>";
		};
/* End PBXVariantGroup section */

/* Begin XCBuildConfiguration section */
		CA018C1F232D786600DC990D /* Debug */ = {
			isa = XCBuildConfiguration;
			buildSettings = {
				ALWAYS_SEARCH_USER_PATHS = NO;
				CLANG_ANALYZER_NONNULL = YES;
				CLANG_ANALYZER_NUMBER_OBJECT_CONVERSION = YES_AGGRESSIVE;
				CLANG_CXX_LANGUAGE_STANDARD = "gnu++14";
				CLANG_CXX_LIBRARY = "libc++";
				CLANG_ENABLE_MODULES = YES;
				CLANG_ENABLE_OBJC_ARC = YES;
				CLANG_ENABLE_OBJC_WEAK = YES;
				CLANG_WARN_BLOCK_CAPTURE_AUTORELEASING = YES;
				CLANG_WARN_BOOL_CONVERSION = YES;
				CLANG_WARN_COMMA = YES;
				CLANG_WARN_CONSTANT_CONVERSION = YES;
				CLANG_WARN_DEPRECATED_OBJC_IMPLEMENTATIONS = YES;
				CLANG_WARN_DIRECT_OBJC_ISA_USAGE = YES_ERROR;
				CLANG_WARN_DOCUMENTATION_COMMENTS = YES;
				CLANG_WARN_EMPTY_BODY = YES;
				CLANG_WARN_ENUM_CONVERSION = YES;
				CLANG_WARN_INFINITE_RECURSION = YES;
				CLANG_WARN_INT_CONVERSION = YES;
				CLANG_WARN_NON_LITERAL_NULL_CONVERSION = YES;
				CLANG_WARN_OBJC_IMPLICIT_RETAIN_SELF = YES;
				CLANG_WARN_OBJC_LITERAL_CONVERSION = YES;
				CLANG_WARN_OBJC_ROOT_CLASS = YES_ERROR;
				CLANG_WARN_RANGE_LOOP_ANALYSIS = YES;
				CLANG_WARN_STRICT_PROTOTYPES = YES;
				CLANG_WARN_SUSPICIOUS_MOVE = YES;
				CLANG_WARN_UNGUARDED_AVAILABILITY = YES_AGGRESSIVE;
				CLANG_WARN_UNREACHABLE_CODE = YES;
				CLANG_WARN__DUPLICATE_METHOD_MATCH = YES;
				CODE_SIGN_IDENTITY = "iPhone Developer";
				COPY_PHASE_STRIP = NO;
				DEBUG_INFORMATION_FORMAT = dwarf;
				ENABLE_STRICT_OBJC_MSGSEND = YES;
				ENABLE_TESTABILITY = YES;
				GCC_C_LANGUAGE_STANDARD = gnu11;
				GCC_DYNAMIC_NO_PIC = NO;
				GCC_NO_COMMON_BLOCKS = YES;
				GCC_OPTIMIZATION_LEVEL = 0;
				GCC_PREPROCESSOR_DEFINITIONS = (
					"DEBUG=1",
					"$(inherited)",
				);
				GCC_WARN_64_TO_32_BIT_CONVERSION = YES;
				GCC_WARN_ABOUT_MISSING_FIELD_INITIALIZERS = YES;
				GCC_WARN_ABOUT_RETURN_TYPE = YES_ERROR;
				GCC_WARN_UNDECLARED_SELECTOR = YES;
				GCC_WARN_UNINITIALIZED_AUTOS = YES_AGGRESSIVE;
				GCC_WARN_UNUSED_FUNCTION = YES;
				GCC_WARN_UNUSED_LABEL = YES;
				GCC_WARN_UNUSED_PARAMETER = YES;
				GCC_WARN_UNUSED_VARIABLE = YES;
				IPHONEOS_DEPLOYMENT_TARGET = 13.0;
				MTL_ENABLE_DEBUG_INFO = INCLUDE_SOURCE;
				MTL_FAST_MATH = YES;
				ONLY_ACTIVE_ARCH = YES;
				SDKROOT = iphoneos;
				SWIFT_ACTIVE_COMPILATION_CONDITIONS = DEBUG;
				SWIFT_OPTIMIZATION_LEVEL = "-Onone";
			};
			name = Debug;
		};
		CA018C20232D786600DC990D /* Release */ = {
			isa = XCBuildConfiguration;
			buildSettings = {
				ALWAYS_SEARCH_USER_PATHS = NO;
				CLANG_ANALYZER_NONNULL = YES;
				CLANG_ANALYZER_NUMBER_OBJECT_CONVERSION = YES_AGGRESSIVE;
				CLANG_CXX_LANGUAGE_STANDARD = "gnu++14";
				CLANG_CXX_LIBRARY = "libc++";
				CLANG_ENABLE_MODULES = YES;
				CLANG_ENABLE_OBJC_ARC = YES;
				CLANG_ENABLE_OBJC_WEAK = YES;
				CLANG_WARN_BLOCK_CAPTURE_AUTORELEASING = YES;
				CLANG_WARN_BOOL_CONVERSION = YES;
				CLANG_WARN_COMMA = YES;
				CLANG_WARN_CONSTANT_CONVERSION = YES;
				CLANG_WARN_DEPRECATED_OBJC_IMPLEMENTATIONS = YES;
				CLANG_WARN_DIRECT_OBJC_ISA_USAGE = YES_ERROR;
				CLANG_WARN_DOCUMENTATION_COMMENTS = YES;
				CLANG_WARN_EMPTY_BODY = YES;
				CLANG_WARN_ENUM_CONVERSION = YES;
				CLANG_WARN_INFINITE_RECURSION = YES;
				CLANG_WARN_INT_CONVERSION = YES;
				CLANG_WARN_NON_LITERAL_NULL_CONVERSION = YES;
				CLANG_WARN_OBJC_IMPLICIT_RETAIN_SELF = YES;
				CLANG_WARN_OBJC_LITERAL_CONVERSION = YES;
				CLANG_WARN_OBJC_ROOT_CLASS = YES_ERROR;
				CLANG_WARN_RANGE_LOOP_ANALYSIS = YES;
				CLANG_WARN_STRICT_PROTOTYPES = YES;
				CLANG_WARN_SUSPICIOUS_MOVE = YES;
				CLANG_WARN_UNGUARDED_AVAILABILITY = YES_AGGRESSIVE;
				CLANG_WARN_UNREACHABLE_CODE = YES;
				CLANG_WARN__DUPLICATE_METHOD_MATCH = YES;
				CODE_SIGN_IDENTITY = "iPhone Developer";
				COPY_PHASE_STRIP = NO;
				DEBUG_INFORMATION_FORMAT = "dwarf-with-dsym";
				ENABLE_NS_ASSERTIONS = NO;
				ENABLE_STRICT_OBJC_MSGSEND = YES;
				GCC_C_LANGUAGE_STANDARD = gnu11;
				GCC_NO_COMMON_BLOCKS = YES;
				GCC_WARN_64_TO_32_BIT_CONVERSION = YES;
				GCC_WARN_ABOUT_MISSING_FIELD_INITIALIZERS = YES;
				GCC_WARN_ABOUT_RETURN_TYPE = YES_ERROR;
				GCC_WARN_UNDECLARED_SELECTOR = YES;
				GCC_WARN_UNINITIALIZED_AUTOS = YES_AGGRESSIVE;
				GCC_WARN_UNUSED_FUNCTION = YES;
				GCC_WARN_UNUSED_LABEL = YES;
				GCC_WARN_UNUSED_PARAMETER = YES;
				GCC_WARN_UNUSED_VARIABLE = YES;
				IPHONEOS_DEPLOYMENT_TARGET = 13.0;
				MTL_ENABLE_DEBUG_INFO = NO;
				MTL_FAST_MATH = YES;
				SDKROOT = iphoneos;
				SWIFT_COMPILATION_MODE = wholemodule;
				SWIFT_OPTIMIZATION_LEVEL = "-O";
				VALIDATE_PRODUCT = YES;
			};
			name = Release;
		};
		CA018C22232D786600DC990D /* Debug */ = {
			isa = XCBuildConfiguration;
			buildSettings = {
				ASSETCATALOG_COMPILER_APPICON_NAME = AppIcon;
				CODE_SIGN_ENTITLEMENTS = "Stew's Stats/Stew's Stats.entitlements";
				CODE_SIGN_STYLE = Automatic;
				DEVELOPMENT_TEAM = 76BSGUF375;
				FRAMEWORK_SEARCH_PATHS = (
					"$(inherited)",
					"$(PROJECT_DIR)/Carthage/Build/iOS",
				);
				GCC_WARN_UNUSED_LABEL = NO;
				INFOPLIST_FILE = "Stew's Stats/Info.plist";
				IPHONEOS_DEPLOYMENT_TARGET = 13.0;
				LD_RUNPATH_SEARCH_PATHS = (
					"$(inherited)",
					"@executable_path/Frameworks",
				);
				PRODUCT_BUNDLE_IDENTIFIER = co.uk.danbdutton.StewsStats;
				PRODUCT_NAME = "$(TARGET_NAME)";
				SWIFT_VERSION = 5.0;
				TARGETED_DEVICE_FAMILY = 1;
			};
			name = Debug;
		};
		CA018C23232D786600DC990D /* Release */ = {
			isa = XCBuildConfiguration;
			buildSettings = {
				ASSETCATALOG_COMPILER_APPICON_NAME = AppIcon;
				CODE_SIGN_ENTITLEMENTS = "Stew's Stats/Stew's Stats.entitlements";
				CODE_SIGN_STYLE = Automatic;
				DEVELOPMENT_TEAM = 76BSGUF375;
				FRAMEWORK_SEARCH_PATHS = (
					"$(inherited)",
					"$(PROJECT_DIR)/Carthage/Build/iOS",
				);
				GCC_WARN_UNUSED_LABEL = NO;
				INFOPLIST_FILE = "Stew's Stats/Info.plist";
				IPHONEOS_DEPLOYMENT_TARGET = 13.0;
				LD_RUNPATH_SEARCH_PATHS = (
					"$(inherited)",
					"@executable_path/Frameworks",
				);
				PRODUCT_BUNDLE_IDENTIFIER = co.uk.danbdutton.StewsStats;
				PRODUCT_NAME = "$(TARGET_NAME)";
				SWIFT_VERSION = 5.0;
				TARGETED_DEVICE_FAMILY = 1;
			};
			name = Release;
		};
		CA018C25232D786600DC990D /* Debug */ = {
			isa = XCBuildConfiguration;
			buildSettings = {
				ALWAYS_EMBED_SWIFT_STANDARD_LIBRARIES = YES;
				CODE_SIGN_IDENTITY = "Apple Development";
				"CODE_SIGN_IDENTITY[sdk=macosx*]" = "Apple Development";
				CODE_SIGN_STYLE = Automatic;
				DEVELOPMENT_TEAM = 76BSGUF375;
				INFOPLIST_FILE = "Stew's StatsTests/Info.plist";
				IPHONEOS_DEPLOYMENT_TARGET = 13.0;
				LD_RUNPATH_SEARCH_PATHS = (
					"$(inherited)",
					"@executable_path/Frameworks",
					"@loader_path/Frameworks",
				);
				PRODUCT_BUNDLE_IDENTIFIER = "co.uk.danbdutton.Stew-s-StatsTests";
				PRODUCT_NAME = "$(TARGET_NAME)";
				PROVISIONING_PROFILE_SPECIFIER = "";
				"PROVISIONING_PROFILE_SPECIFIER[sdk=macosx*]" = "";
				SWIFT_VERSION = 5.0;
				TARGETED_DEVICE_FAMILY = 1;
			};
			name = Debug;
		};
		CA018C26232D786600DC990D /* Release */ = {
			isa = XCBuildConfiguration;
			buildSettings = {
				ALWAYS_EMBED_SWIFT_STANDARD_LIBRARIES = YES;
				CODE_SIGN_IDENTITY = "Apple Development";
				"CODE_SIGN_IDENTITY[sdk=macosx*]" = "Apple Development";
				CODE_SIGN_STYLE = Automatic;
				DEVELOPMENT_TEAM = 76BSGUF375;
				INFOPLIST_FILE = "Stew's StatsTests/Info.plist";
				IPHONEOS_DEPLOYMENT_TARGET = 13.0;
				LD_RUNPATH_SEARCH_PATHS = (
					"$(inherited)",
					"@executable_path/Frameworks",
					"@loader_path/Frameworks",
				);
				PRODUCT_BUNDLE_IDENTIFIER = "co.uk.danbdutton.Stew-s-StatsTests";
				PRODUCT_NAME = "$(TARGET_NAME)";
				PROVISIONING_PROFILE_SPECIFIER = "";
				"PROVISIONING_PROFILE_SPECIFIER[sdk=macosx*]" = "";
				SWIFT_VERSION = 5.0;
				TARGETED_DEVICE_FAMILY = 1;
			};
			name = Release;
		};
/* End XCBuildConfiguration section */

/* Begin XCConfigurationList section */
		CA018BFF232D786400DC990D /* Build configuration list for PBXProject "Stew's Stats" */ = {
			isa = XCConfigurationList;
			buildConfigurations = (
				CA018C1F232D786600DC990D /* Debug */,
				CA018C20232D786600DC990D /* Release */,
			);
			defaultConfigurationIsVisible = 0;
			defaultConfigurationName = Release;
		};
		CA018C21232D786600DC990D /* Build configuration list for PBXNativeTarget "Stew's Stats" */ = {
			isa = XCConfigurationList;
			buildConfigurations = (
				CA018C22232D786600DC990D /* Debug */,
				CA018C23232D786600DC990D /* Release */,
			);
			defaultConfigurationIsVisible = 0;
			defaultConfigurationName = Release;
		};
		CA018C24232D786600DC990D /* Build configuration list for PBXNativeTarget "Stew's StatsTests" */ = {
			isa = XCConfigurationList;
			buildConfigurations = (
				CA018C25232D786600DC990D /* Debug */,
				CA018C26232D786600DC990D /* Release */,
			);
			defaultConfigurationIsVisible = 0;
			defaultConfigurationName = Release;
		};
/* End XCConfigurationList section */

/* Begin XCRemoteSwiftPackageReference section */
		CAE7A4E523709DB400D9D0B3 /* XCRemoteSwiftPackageReference "Charts" */ = {
			isa = XCRemoteSwiftPackageReference;
			repositoryURL = "https://github.com/danielgindi/Charts.git";
			requirement = {
				kind = upToNextMajorVersion;
				minimumVersion = 3.4.0;
			};
		};
/* End XCRemoteSwiftPackageReference section */

/* Begin XCSwiftPackageProductDependency section */
		CAE7A4E623709DB400D9D0B3 /* Charts */ = {
			isa = XCSwiftPackageProductDependency;
			package = CAE7A4E523709DB400D9D0B3 /* XCRemoteSwiftPackageReference "Charts" */;
			productName = Charts;
		};
		CAE7A4E823709DD200D9D0B3 /* Charts */ = {
			isa = XCSwiftPackageProductDependency;
			package = CAE7A4E523709DB400D9D0B3 /* XCRemoteSwiftPackageReference "Charts" */;
			productName = Charts;
		};
/* End XCSwiftPackageProductDependency section */
	};
	rootObject = CA018BFC232D786400DC990D /* Project object */;
}
